
Microsoft Visual Studio Solution File, Format Version 12.00
# Visual Studio Version 17
VisualStudioVersion = 17.11.35219.272
MinimumVisualStudioVersion = 10.0.40219.1
Project("{FAE04EC0-301F-11D3-BF4B-00C04F79EFBC}") = "Hızlı Yazma2", "Hızlı Yazma2\Hızlı Yazma2.csproj", "{38E1074F-603C-4570-9E67-F889F80AE111}"
EndProject
Global
	GlobalSection(SolutionConfigurationPlatforms) = preSolution
		Debug|Any CPU = Debug|Any CPU
		Release|Any CPU = Release|Any CPU
	EndGlobalSection
	GlobalSection(ProjectConfigurationPlatforms) = postSolution
		{38E1074F-603C-4570-9E67-F889F80AE111}.Debug|Any CPU.ActiveCfg = Debug|Any CPU
		{38E1074F-603C-4570-9E67-F889F80AE111}.Debug|Any CPU.Build.0 = Debug|Any CPU
		{38E1074F-603C-4570-9E67-F889F80AE111}.Release|Any CPU.ActiveCfg = Release|Any CPU
		{38E1074F-603C-4570-9E67-F889F80AE111}.Release|Any CPU.Build.0 = Release|Any CPU
	EndGlobalSection
	GlobalSection(SolutionProperties) = preSolution
		HideSolutionNode = FALSE
	EndGlobalSection
	GlobalSection(ExtensibilityGlobals) = postSolution
		SolutionGuid = {2AF2F704-F8EF-4411-B391-190135846F70}
	EndGlobalSection
EndGlobal
